<?xml version="1.0" encoding="utf-8"?>
<Project ToolsVersion="4.0" xmlns="http://schemas.microsoft.com/developer/msbuild/2003">
  <ItemGroup>
    <Filter Include="Configuration">
      <UniqueIdentifier>{98728e35-81d0-48f3-9e33-2da7e6a03bc6}</UniqueIdentifier>
    </Filter>
  </ItemGroup>
  <ItemGroup>
    <ClCompile Include="SettingsTest.ino" />
    <ClCompile Include="src\Logging.cpp" />
    <ClCompile Include="src\Machine.cpp" />
    <ClCompile Include="src\ParserTest.cpp" />
    <ClCompile Include="src\Configuration\Parser.cpp">
      <Filter>Configuration</Filter>
    </ClCompile>
    <ClCompile Include="src\Configuration\Tokenizer.cpp">
      <Filter>Configuration</Filter>
    </ClCompile>
    <ClCompile Include="src\Configuration\Validator.cpp">
      <Filter>Configuration</Filter>
    </ClCompile>
    <ClCompile Include="src\Configuration\Generator.cpp">
      <Filter>Configuration</Filter>
    </ClCompile>
    <ClCompile Include="src\Configuration\RuntimeSetting.cpp" />
    <ClCompile Include="src\Configuration\LegacySettingRegistry.cpp">
      <Filter>Configuration</Filter>
    </ClCompile>
  </ItemGroup>
  <ItemGroup>
    <None Include="Test.yaml" />
  </ItemGroup>
  <ItemGroup>
    <ClInclude Include="src\Logging.h" />
    <ClInclude Include="src\Machine.h" />
    <ClInclude Include="src\Pin.h" />
    <ClInclude Include="src\Assert.h" />
    <ClInclude Include="src\Debug.h" />
    <ClInclude Include="src\Configuration\ParseException.h">
      <Filter>Configuration</Filter>
    </ClInclude>
    <ClInclude Include="src\Configuration\Parser.h">
      <Filter>Configuration</Filter>
    </ClInclude>
    <ClInclude Include="src\Configuration\ParserHandler.h">
      <Filter>Configuration</Filter>
    </ClInclude>
    <ClInclude Include="src\Configuration\SettingsError.h">
      <Filter>Configuration</Filter>
    </ClInclude>
    <ClInclude Include="src\Configuration\Tokenizer.h">
      <Filter>Configuration</Filter>
    </ClInclude>
    <ClInclude Include="src\Configuration\TokenKind.h">
      <Filter>Configuration</Filter>
    </ClInclude>
    <ClInclude Include="src\Configuration\Validator.h">
      <Filter>Configuration</Filter>
    </ClInclude>
    <ClInclude Include="src\Configuration\Configurable.h">
      <Filter>Configuration</Filter>
    </ClInclude>
    <ClInclude Include="src\Configuration\Generator.h">
      <Filter>Configuration</Filter>
    </ClInclude>
    <ClInclude Include="src\Configuration\GenericFactory.h">
      <Filter>Configuration</Filter>
    </ClInclude>
    <ClInclude Include="src\Configuration\HandlerBase.h">
      <Filter>Configuration</Filter>
    </ClInclude>
    <ClInclude Include="src\Configuration\HandlerType.h">
      <Filter>Configuration</Filter>
    </ClInclude>
    <ClInclude Include="src\Configuration\RuntimeSetting.h">
      <Filter>Configuration</Filter>
    </ClInclude>
    <ClInclude Include="src\Configuration\LegacySettingRegistry.h">
      <Filter>Configuration</Filter>
    </ClInclude>
    <ClInclude Include="src\Configuration\LegacySettingHandler.h">
      <Filter>Configuration</Filter>
    </ClInclude>
    <ClInclude Include="src\StringRange.h" />
  </ItemGroup>
</Project>